
Microsoft Visual Studio Solution File, Format Version 12.00
# Visual Studio Version 17
VisualStudioVersion = 17.7.34221.43
MinimumVisualStudioVersion = 10.0.40219.1
Project("{8BC9CEB8-8B4A-11D0-8D11-00A0C91BC942}") = "ASD_Lab4", "ASD_Lab4.vcxproj", "{DD8A5A4B-15EB-454A-8B25-BB65C394728E}"
EndProject
Global
	GlobalSection(SolutionConfigurationPlatforms) = preSolution
		Debug|x64 = Debug|x64
		Debug|x86 = Debug|x86
		Release|x64 = Release|x64
		Release|x86 = Release|x86
	EndGlobalSection
	GlobalSection(ProjectConfigurationPlatforms) = postSolution
		{DD8A5A4B-15EB-454A-8B25-BB65C394728E}.Debug|x64.ActiveCfg = Debug|x64
		{DD8A5A4B-15EB-454A-8B25-BB65C394728E}.Debug|x64.Build.0 = Debug|x64
		{DD8A5A4B-15EB-454A-8B25-BB65C394728E}.Debug|x86.ActiveCfg = Debug|Win32
		{DD8A5A4B-15EB-454A-8B25-BB65C394728E}.Debug|x86.Build.0 = Debug|Win32
		{DD8A5A4B-15EB-454A-8B25-BB65C394728E}.Release|x64.ActiveCfg = Release|x64
		{DD8A5A4B-15EB-454A-8B25-BB65C394728E}.Release|x64.Build.0 = Release|x64
		{DD8A5A4B-15EB-454A-8B25-BB65C394728E}.Release|x86.ActiveCfg = Release|Win32
		{DD8A5A4B-15EB-454A-8B25-BB65C394728E}.Release|x86.Build.0 = Release|Win32
	EndGlobalSection
	GlobalSection(SolutionProperties) = preSolution
		HideSolutionNode = FALSE
	EndGlobalSection
	GlobalSection(ExtensibilityGlobals) = postSolution
		SolutionGuid = {125718D6-6336-4C1D-82CA-1DE8C9343FD6}
	EndGlobalSection
EndGlobal
