
Microsoft Visual Studio Solution File, Format Version 12.00
# Visual Studio Version 17
VisualStudioVersion = 17.7.34221.43
MinimumVisualStudioVersion = 10.0.40219.1
Project("{8BC9CEB8-8B4A-11D0-8D11-00A0C91BC942}") = "OOP_Lab2", "OOP_Lab2.vcxproj", "{5FB9E167-50FF-486B-8AC1-CBC73770C636}"
EndProject
Global
	GlobalSection(SolutionConfigurationPlatforms) = preSolution
		Debug|x64 = Debug|x64
		Debug|x86 = Debug|x86
		Release|x64 = Release|x64
		Release|x86 = Release|x86
	EndGlobalSection
	GlobalSection(ProjectConfigurationPlatforms) = postSolution
		{5FB9E167-50FF-486B-8AC1-CBC73770C636}.Debug|x64.ActiveCfg = Debug|x64
		{5FB9E167-50FF-486B-8AC1-CBC73770C636}.Debug|x64.Build.0 = Debug|x64
		{5FB9E167-50FF-486B-8AC1-CBC73770C636}.Debug|x86.ActiveCfg = Debug|Win32
		{5FB9E167-50FF-486B-8AC1-CBC73770C636}.Debug|x86.Build.0 = Debug|Win32
		{5FB9E167-50FF-486B-8AC1-CBC73770C636}.Release|x64.ActiveCfg = Release|x64
		{5FB9E167-50FF-486B-8AC1-CBC73770C636}.Release|x64.Build.0 = Release|x64
		{5FB9E167-50FF-486B-8AC1-CBC73770C636}.Release|x86.ActiveCfg = Release|Win32
		{5FB9E167-50FF-486B-8AC1-CBC73770C636}.Release|x86.Build.0 = Release|Win32
	EndGlobalSection
	GlobalSection(SolutionProperties) = preSolution
		HideSolutionNode = FALSE
	EndGlobalSection
	GlobalSection(ExtensibilityGlobals) = postSolution
		SolutionGuid = {74EA9FFF-5371-4757-8FD7-5A9AA8482BBF}
	EndGlobalSection
EndGlobal
